
Microsoft Visual Studio Solution File, Format Version 12.00
Project("{FAE04EC0-301F-11D3-BF4B-00C04F79EFBC}") = "AuthorizationServer.Web", "AuthorizationServer.Web\AuthorizationServer.Web.csproj", "{18CEAB6C-3811-42F8-9F35-B1D142AC528D}"
EndProject
Project("{FAE04EC0-301F-11D3-BF4B-00C04F79EFBC}") = "AuthorizationServer.BusinessLogic", "AuthorizationServer.BusinessLogic\AuthorizationServer.BusinessLogic.csproj", "{44E8B68E-4E1D-436F-AD7E-13AFB0FE113B}"
EndProject
Project("{FAE04EC0-301F-11D3-BF4B-00C04F79EFBC}") = "AuthorizationServer.DataAccess", "AuthorizationServer.DataAccess\AuthorizationServer.DataAccess.csproj", "{314599B8-2FC7-473B-93F2-BA4B56D65B98}"
EndProject
Project("{FAE04EC0-301F-11D3-BF4B-00C04F79EFBC}") = "AuthorizationServer.Tests", "AuthorizationServer.Tests\AuthorizationServer.Tests.csproj", "{C648A5CD-2122-474B-8A00-1000200FCD3E}"
EndProject
Global
	GlobalSection(SolutionConfigurationPlatforms) = preSolution
		Debug|Any CPU = Debug|Any CPU
		Release|Any CPU = Release|Any CPU
	EndGlobalSection
	GlobalSection(ProjectConfigurationPlatforms) = postSolution
		{18CEAB6C-3811-42F8-9F35-B1D142AC528D}.Debug|Any CPU.ActiveCfg = Debug|Any CPU
		{18CEAB6C-3811-42F8-9F35-B1D142AC528D}.Debug|Any CPU.Build.0 = Debug|Any CPU
		{18CEAB6C-3811-42F8-9F35-B1D142AC528D}.Release|Any CPU.ActiveCfg = Release|Any CPU
		{18CEAB6C-3811-42F8-9F35-B1D142AC528D}.Release|Any CPU.Build.0 = Release|Any CPU
		{44E8B68E-4E1D-436F-AD7E-13AFB0FE113B}.Debug|Any CPU.ActiveCfg = Debug|Any CPU
		{44E8B68E-4E1D-436F-AD7E-13AFB0FE113B}.Debug|Any CPU.Build.0 = Debug|Any CPU
		{44E8B68E-4E1D-436F-AD7E-13AFB0FE113B}.Release|Any CPU.ActiveCfg = Release|Any CPU
		{44E8B68E-4E1D-436F-AD7E-13AFB0FE113B}.Release|Any CPU.Build.0 = Release|Any CPU
		{314599B8-2FC7-473B-93F2-BA4B56D65B98}.Debug|Any CPU.ActiveCfg = Debug|Any CPU
		{314599B8-2FC7-473B-93F2-BA4B56D65B98}.Debug|Any CPU.Build.0 = Debug|Any CPU
		{314599B8-2FC7-473B-93F2-BA4B56D65B98}.Release|Any CPU.ActiveCfg = Release|Any CPU
		{314599B8-2FC7-473B-93F2-BA4B56D65B98}.Release|Any CPU.Build.0 = Release|Any CPU
		{C648A5CD-2122-474B-8A00-1000200FCD3E}.Debug|Any CPU.ActiveCfg = Debug|Any CPU
		{C648A5CD-2122-474B-8A00-1000200FCD3E}.Debug|Any CPU.Build.0 = Debug|Any CPU
		{C648A5CD-2122-474B-8A00-1000200FCD3E}.Release|Any CPU.ActiveCfg = Release|Any CPU
		{C648A5CD-2122-474B-8A00-1000200FCD3E}.Release|Any CPU.Build.0 = Release|Any CPU
	EndGlobalSection
EndGlobal
